
Microsoft Visual Studio Solution File, Format Version 12.00
Project("{FAE04EC0-301F-11D3-BF4B-00C04F79EFBC}") = "HelloWorld", "HelloWorld\HelloWorld.csproj", "{F7EDA2A5-84C7-4834-B7DF-4DC9FED4666A}"
EndProject
Project("{FAE04EC0-301F-11D3-BF4B-00C04F79EFBC}") = "Input", "Input\Input.csproj", "{4A3CBE42-7DB2-4E2B-BE58-DE54D55C1BB5}"
EndProject
Global
	GlobalSection(SolutionConfigurationPlatforms) = preSolution
		Debug|Any CPU = Debug|Any CPU
		Release|Any CPU = Release|Any CPU
	EndGlobalSection
	GlobalSection(ProjectConfigurationPlatforms) = postSolution
		{F7EDA2A5-84C7-4834-B7DF-4DC9FED4666A}.Debug|Any CPU.ActiveCfg = Debug|Any CPU
		{F7EDA2A5-84C7-4834-B7DF-4DC9FED4666A}.Debug|Any CPU.Build.0 = Debug|Any CPU
		{F7EDA2A5-84C7-4834-B7DF-4DC9FED4666A}.Release|Any CPU.ActiveCfg = Release|Any CPU
		{F7EDA2A5-84C7-4834-B7DF-4DC9FED4666A}.Release|Any CPU.Build.0 = Release|Any CPU
		{4A3CBE42-7DB2-4E2B-BE58-DE54D55C1BB5}.Debug|Any CPU.ActiveCfg = Debug|Any CPU
		{4A3CBE42-7DB2-4E2B-BE58-DE54D55C1BB5}.Debug|Any CPU.Build.0 = Debug|Any CPU
		{4A3CBE42-7DB2-4E2B-BE58-DE54D55C1BB5}.Release|Any CPU.ActiveCfg = Release|Any CPU
		{4A3CBE42-7DB2-4E2B-BE58-DE54D55C1BB5}.Release|Any CPU.Build.0 = Release|Any CPU
	EndGlobalSection
EndGlobal
